
Microsoft Visual Studio Solution File, Format Version 12.00
# Visual Studio Version 17
VisualStudioVersion = 17.0.31903.59
MinimumVisualStudioVersion = 10.0.40219.1
Project("{FAE04EC0-301F-11D3-BF4B-00C04F79EFBC}") = "Hunext.IMio.ApiProxy", "Hunext.IMio.ApiProxy\Hunext.IMio.ApiProxy.csproj", "{824A10AA-5294-4A39-AF2A-CC645F610C4E}"
EndProject
Project("{FAE04EC0-301F-11D3-BF4B-00C04F79EFBC}") = "Hunext.IMio.Console", "Hunext.IMio.Console\Hunext.IMio.Console.csproj", "{7185EF44-468B-4984-8ED3-3C4AA9B6D47B}"
EndProject
Global
	GlobalSection(SolutionConfigurationPlatforms) = preSolution
		Debug|Any CPU = Debug|Any CPU
		Release|Any CPU = Release|Any CPU
	EndGlobalSection
	GlobalSection(SolutionProperties) = preSolution
		HideSolutionNode = FALSE
	EndGlobalSection
	GlobalSection(ProjectConfigurationPlatforms) = postSolution
		{824A10AA-5294-4A39-AF2A-CC645F610C4E}.Debug|Any CPU.ActiveCfg = Debug|Any CPU
		{824A10AA-5294-4A39-AF2A-CC645F610C4E}.Debug|Any CPU.Build.0 = Debug|Any CPU
		{824A10AA-5294-4A39-AF2A-CC645F610C4E}.Release|Any CPU.ActiveCfg = Release|Any CPU
		{824A10AA-5294-4A39-AF2A-CC645F610C4E}.Release|Any CPU.Build.0 = Release|Any CPU
		{7185EF44-468B-4984-8ED3-3C4AA9B6D47B}.Debug|Any CPU.ActiveCfg = Debug|Any CPU
		{7185EF44-468B-4984-8ED3-3C4AA9B6D47B}.Debug|Any CPU.Build.0 = Debug|Any CPU
		{7185EF44-468B-4984-8ED3-3C4AA9B6D47B}.Release|Any CPU.ActiveCfg = Release|Any CPU
		{7185EF44-468B-4984-8ED3-3C4AA9B6D47B}.Release|Any CPU.Build.0 = Release|Any CPU
	EndGlobalSection
EndGlobal
